
Microsoft Visual Studio Solution File, Format Version 12.00
# Visual Studio Version 17
VisualStudioVersion = 17.3.32811.315
MinimumVisualStudioVersion = 10.0.40219.1
Project("{FAE04EC0-301F-11D3-BF4B-00C04F79EFBC}") = "TinhToan", "TinhToan\TinhToan.csproj", "{7D72EB03-5235-4017-B9A5-389FB59BDB2D}"
EndProject
Global
	GlobalSection(SolutionConfigurationPlatforms) = preSolution
		Debug|Any CPU = Debug|Any CPU
		Release|Any CPU = Release|Any CPU
	EndGlobalSection
	GlobalSection(ProjectConfigurationPlatforms) = postSolution
		{7D72EB03-5235-4017-B9A5-389FB59BDB2D}.Debug|Any CPU.ActiveCfg = Debug|Any CPU
		{7D72EB03-5235-4017-B9A5-389FB59BDB2D}.Debug|Any CPU.Build.0 = Debug|Any CPU
		{7D72EB03-5235-4017-B9A5-389FB59BDB2D}.Release|Any CPU.ActiveCfg = Release|Any CPU
		{7D72EB03-5235-4017-B9A5-389FB59BDB2D}.Release|Any CPU.Build.0 = Release|Any CPU
	EndGlobalSection
	GlobalSection(SolutionProperties) = preSolution
		HideSolutionNode = FALSE
	EndGlobalSection
	GlobalSection(ExtensibilityGlobals) = postSolution
		SolutionGuid = {9781AB05-D176-41DC-9F9A-4AE4C5491A5B}
	EndGlobalSection
EndGlobal
